
Microsoft Visual Studio Solution File, Format Version 12.00
# Visual Studio 14
VisualStudioVersion = 14.0.25420.1
MinimumVisualStudioVersion = 10.0.40219.1
Project("{FAE04EC0-301F-11D3-BF4B-00C04F79EFBC}") = "Carrot_and_Stick_PC", "Carrot_and_Stick_PC\Carrot_and_Stick_PC.csproj", "{FD331880-B84C-4CFB-AB3B-EB6698A88704}"
EndProject
Global
	GlobalSection(SolutionConfigurationPlatforms) = preSolution
		Debug|Any CPU = Debug|Any CPU
		Release|Any CPU = Release|Any CPU
	EndGlobalSection
	GlobalSection(ProjectConfigurationPlatforms) = postSolution
		{FD331880-B84C-4CFB-AB3B-EB6698A88704}.Debug|Any CPU.ActiveCfg = Debug|Any CPU
		{FD331880-B84C-4CFB-AB3B-EB6698A88704}.Debug|Any CPU.Build.0 = Debug|Any CPU
		{FD331880-B84C-4CFB-AB3B-EB6698A88704}.Release|Any CPU.ActiveCfg = Release|Any CPU
		{FD331880-B84C-4CFB-AB3B-EB6698A88704}.Release|Any CPU.Build.0 = Release|Any CPU
	EndGlobalSection
	GlobalSection(SolutionProperties) = preSolution
		HideSolutionNode = FALSE
	EndGlobalSection
EndGlobal
